
Microsoft Visual Studio Solution File, Format Version 12.00
# Visual Studio Version 16
VisualStudioVersion = 16.0.30320.27
MinimumVisualStudioVersion = 10.0.40219.1
Project("{D2ABAB84-BF74-430A-B69E-9DC6D40DDA17}") = "bi-group2", "bi-group2.dwproj", "{23B8A1EC-0918-4752-9E21-7FD1116C9DC1}"
EndProject
Global
	GlobalSection(SolutionConfigurationPlatforms) = preSolution
		Development|Default = Development|Default
	EndGlobalSection
	GlobalSection(ProjectConfigurationPlatforms) = postSolution
		{23B8A1EC-0918-4752-9E21-7FD1116C9DC1}.Development|Default.ActiveCfg = Development
		{23B8A1EC-0918-4752-9E21-7FD1116C9DC1}.Development|Default.Build.0 = Development
		{23B8A1EC-0918-4752-9E21-7FD1116C9DC1}.Development|Default.Deploy.0 = Development
	EndGlobalSection
	GlobalSection(SolutionProperties) = preSolution
		HideSolutionNode = FALSE
	EndGlobalSection
	GlobalSection(ExtensibilityGlobals) = postSolution
		SolutionGuid = {483ACE76-31DE-4DEC-9FE0-38594DF394BF}
	EndGlobalSection
EndGlobal
